
Microsoft Visual Studio Solution File, Format Version 12.00
# Visual Studio Version 17
VisualStudioVersion = 17.2.32505.173
MinimumVisualStudioVersion = 10.0.40219.1
Project("{FAE04EC0-301F-11D3-BF4B-00C04F79EFBC}") = "3", "3\3.csproj", "{776C5D90-0F2D-43FC-B047-51C8A49C168E}"
EndProject
Global
	GlobalSection(SolutionConfigurationPlatforms) = preSolution
		Debug|Any CPU = Debug|Any CPU
		Release|Any CPU = Release|Any CPU
	EndGlobalSection
	GlobalSection(ProjectConfigurationPlatforms) = postSolution
		{776C5D90-0F2D-43FC-B047-51C8A49C168E}.Debug|Any CPU.ActiveCfg = Debug|Any CPU
		{776C5D90-0F2D-43FC-B047-51C8A49C168E}.Debug|Any CPU.Build.0 = Debug|Any CPU
		{776C5D90-0F2D-43FC-B047-51C8A49C168E}.Release|Any CPU.ActiveCfg = Release|Any CPU
		{776C5D90-0F2D-43FC-B047-51C8A49C168E}.Release|Any CPU.Build.0 = Release|Any CPU
	EndGlobalSection
	GlobalSection(SolutionProperties) = preSolution
		HideSolutionNode = FALSE
	EndGlobalSection
	GlobalSection(ExtensibilityGlobals) = postSolution
		SolutionGuid = {CE682AE5-D9A3-497C-BE81-8E00DF58330A}
	EndGlobalSection
EndGlobal
